
Microsoft Visual Studio Solution File, Format Version 12.00
# Visual Studio Version 17
VisualStudioVersion = 17.12.35521.163
MinimumVisualStudioVersion = 10.0.40219.1
Project("{FAE04EC0-301F-11D3-BF4B-00C04F79EFBC}") = "Tournament.Api", "Tournament.Api\Tournament.Api.csproj", "{1CC9F8D5-DA04-4537-89E0-3EEE54BA70F3}"
EndProject
Project("{FAE04EC0-301F-11D3-BF4B-00C04F79EFBC}") = "Tournament.Core", "Tournament.Core\Tournament.Core.csproj", "{6CB27382-D910-476D-8A03-BB41681E2744}"
EndProject
Project("{FAE04EC0-301F-11D3-BF4B-00C04F79EFBC}") = "Tournament.Data", "Tournament.Data\Tournament.Data.csproj", "{F4296C05-D0B7-4DA1-979F-89C1CF00C789}"
EndProject
Project("{FAE04EC0-301F-11D3-BF4B-00C04F79EFBC}") = "Tournament.Services", "Tournament.Services\Tournament.Services.csproj", "{94FB9F59-6F5A-4881-BB69-BD075316B7F4}"
EndProject
Project("{FAE04EC0-301F-11D3-BF4B-00C04F79EFBC}") = "Tournament.Contracts", "Tournament.Contracts\Tournament.Contracts.csproj", "{F3F1977B-FB67-4424-906E-B7F7D20339CC}"
EndProject
Project("{FAE04EC0-301F-11D3-BF4B-00C04F79EFBC}") = "Tournament.Presentation", "Tournament.Presentation\Tournament.Presentation.csproj", "{A03D29BD-96FC-4931-839B-096095D23792}"
EndProject
Global
	GlobalSection(SolutionConfigurationPlatforms) = preSolution
		Debug|Any CPU = Debug|Any CPU
		Release|Any CPU = Release|Any CPU
	EndGlobalSection
	GlobalSection(ProjectConfigurationPlatforms) = postSolution
		{1CC9F8D5-DA04-4537-89E0-3EEE54BA70F3}.Debug|Any CPU.ActiveCfg = Debug|Any CPU
		{1CC9F8D5-DA04-4537-89E0-3EEE54BA70F3}.Debug|Any CPU.Build.0 = Debug|Any CPU
		{1CC9F8D5-DA04-4537-89E0-3EEE54BA70F3}.Release|Any CPU.ActiveCfg = Release|Any CPU
		{1CC9F8D5-DA04-4537-89E0-3EEE54BA70F3}.Release|Any CPU.Build.0 = Release|Any CPU
		{6CB27382-D910-476D-8A03-BB41681E2744}.Debug|Any CPU.ActiveCfg = Debug|Any CPU
		{6CB27382-D910-476D-8A03-BB41681E2744}.Debug|Any CPU.Build.0 = Debug|Any CPU
		{6CB27382-D910-476D-8A03-BB41681E2744}.Release|Any CPU.ActiveCfg = Release|Any CPU
		{6CB27382-D910-476D-8A03-BB41681E2744}.Release|Any CPU.Build.0 = Release|Any CPU
		{F4296C05-D0B7-4DA1-979F-89C1CF00C789}.Debug|Any CPU.ActiveCfg = Debug|Any CPU
		{F4296C05-D0B7-4DA1-979F-89C1CF00C789}.Debug|Any CPU.Build.0 = Debug|Any CPU
		{F4296C05-D0B7-4DA1-979F-89C1CF00C789}.Release|Any CPU.ActiveCfg = Release|Any CPU
		{F4296C05-D0B7-4DA1-979F-89C1CF00C789}.Release|Any CPU.Build.0 = Release|Any CPU
		{94FB9F59-6F5A-4881-BB69-BD075316B7F4}.Debug|Any CPU.ActiveCfg = Debug|Any CPU
		{94FB9F59-6F5A-4881-BB69-BD075316B7F4}.Debug|Any CPU.Build.0 = Debug|Any CPU
		{94FB9F59-6F5A-4881-BB69-BD075316B7F4}.Release|Any CPU.ActiveCfg = Release|Any CPU
		{94FB9F59-6F5A-4881-BB69-BD075316B7F4}.Release|Any CPU.Build.0 = Release|Any CPU
		{F3F1977B-FB67-4424-906E-B7F7D20339CC}.Debug|Any CPU.ActiveCfg = Debug|Any CPU
		{F3F1977B-FB67-4424-906E-B7F7D20339CC}.Debug|Any CPU.Build.0 = Debug|Any CPU
		{F3F1977B-FB67-4424-906E-B7F7D20339CC}.Release|Any CPU.ActiveCfg = Release|Any CPU
		{F3F1977B-FB67-4424-906E-B7F7D20339CC}.Release|Any CPU.Build.0 = Release|Any CPU
		{A03D29BD-96FC-4931-839B-096095D23792}.Debug|Any CPU.ActiveCfg = Debug|Any CPU
		{A03D29BD-96FC-4931-839B-096095D23792}.Debug|Any CPU.Build.0 = Debug|Any CPU
		{A03D29BD-96FC-4931-839B-096095D23792}.Release|Any CPU.ActiveCfg = Release|Any CPU
		{A03D29BD-96FC-4931-839B-096095D23792}.Release|Any CPU.Build.0 = Release|Any CPU
	EndGlobalSection
	GlobalSection(SolutionProperties) = preSolution
		HideSolutionNode = FALSE
	EndGlobalSection
EndGlobal
